
Microsoft Visual Studio Solution File, Format Version 12.00
# Visual Studio Version 16
VisualStudioVersion = 16.0.28803.352
MinimumVisualStudioVersion = 10.0.40219.1
Project("{D954291E-2A0B-460D-934E-DC6B0785DB48}") = "HelloUno1.Shared", "HelloUno1\HelloUno1.Shared\HelloUno1.Shared.shproj", "{6279C845-92F8-4333-AB99-3D213163593C}"
EndProject
Project("{FAE04EC0-301F-11D3-BF4B-00C04F79EFBC}") = "HelloUno1.Droid", "HelloUno1\HelloUno1.Droid\HelloUno1.Droid.csproj", "{288ED49A-5B29-4883-9DF6-08919F9BB871}"
EndProject
Project("{FAE04EC0-301F-11D3-BF4B-00C04F79EFBC}") = "HelloUno1.iOS", "HelloUno1\HelloUno1.iOS\HelloUno1.iOS.csproj", "{15B6339A-1C21-45AB-A48A-42E315B28907}"
EndProject
Project("{FAE04EC0-301F-11D3-BF4B-00C04F79EFBC}") = "HelloUno1.UWP", "HelloUno1\HelloUno1.UWP\HelloUno1.UWP.csproj", "{32973D49-0D89-4EEA-ADDC-9B962CE02B70}"
EndProject
Project("{9A19103F-16F7-4668-BE54-9A1E7A4F7556}") = "HelloUno1.Wasm", "HelloUno1\HelloUno1.Wasm\HelloUno1.Wasm.csproj", "{58C3F96C-E62A-40ED-8B8F-65009581125E}"
EndProject
Global
	GlobalSection(SharedMSBuildProjectFiles) = preSolution
		HelloUno1\HelloUno1.Shared\HelloUno1.Shared.projitems*{15b6339a-1c21-45ab-a48a-42e315b28907}*SharedItemsImports = 4
		HelloUno1\HelloUno1.Shared\HelloUno1.Shared.projitems*{288ed49a-5b29-4883-9df6-08919f9bb871}*SharedItemsImports = 4
		HelloUno1\HelloUno1.Shared\HelloUno1.Shared.projitems*{32973d49-0d89-4eea-addc-9b962ce02b70}*SharedItemsImports = 4
		HelloUno1\HelloUno1.Shared\HelloUno1.Shared.projitems*{6279c845-92f8-4333-ab99-3d213163593c}*SharedItemsImports = 13
	EndGlobalSection
	GlobalSection(SolutionConfigurationPlatforms) = preSolution
		Ad-Hoc|Any CPU = Ad-Hoc|Any CPU
		Ad-Hoc|ARM = Ad-Hoc|ARM
		Ad-Hoc|iPhone = Ad-Hoc|iPhone
		Ad-Hoc|iPhoneSimulator = Ad-Hoc|iPhoneSimulator
		Ad-Hoc|x64 = Ad-Hoc|x64
		Ad-Hoc|x86 = Ad-Hoc|x86
		AppStore|Any CPU = AppStore|Any CPU
		AppStore|ARM = AppStore|ARM
		AppStore|iPhone = AppStore|iPhone
		AppStore|iPhoneSimulator = AppStore|iPhoneSimulator
		AppStore|x64 = AppStore|x64
		AppStore|x86 = AppStore|x86
		Debug|Any CPU = Debug|Any CPU
		Debug|ARM = Debug|ARM
		Debug|iPhone = Debug|iPhone
		Debug|iPhoneSimulator = Debug|iPhoneSimulator
		Debug|x64 = Debug|x64
		Debug|x86 = Debug|x86
		Release|Any CPU = Release|Any CPU
		Release|ARM = Release|ARM
		Release|iPhone = Release|iPhone
		Release|iPhoneSimulator = Release|iPhoneSimulator
		Release|x64 = Release|x64
		Release|x86 = Release|x86
	EndGlobalSection
	GlobalSection(ProjectConfigurationPlatforms) = postSolution
		{288ED49A-5B29-4883-9DF6-08919F9BB871}.Ad-Hoc|Any CPU.ActiveCfg = Release|Any CPU
		{288ED49A-5B29-4883-9DF6-08919F9BB871}.Ad-Hoc|Any CPU.Build.0 = Release|Any CPU
		{288ED49A-5B29-4883-9DF6-08919F9BB871}.Ad-Hoc|Any CPU.Deploy.0 = Release|Any CPU
		{288ED49A-5B29-4883-9DF6-08919F9BB871}.Ad-Hoc|ARM.ActiveCfg = Release|Any CPU
		{288ED49A-5B29-4883-9DF6-08919F9BB871}.Ad-Hoc|ARM.Build.0 = Release|Any CPU
		{288ED49A-5B29-4883-9DF6-08919F9BB871}.Ad-Hoc|ARM.Deploy.0 = Release|Any CPU
		{288ED49A-5B29-4883-9DF6-08919F9BB871}.Ad-Hoc|iPhone.ActiveCfg = Release|Any CPU
		{288ED49A-5B29-4883-9DF6-08919F9BB871}.Ad-Hoc|iPhone.Build.0 = Release|Any CPU
		{288ED49A-5B29-4883-9DF6-08919F9BB871}.Ad-Hoc|iPhone.Deploy.0 = Release|Any CPU
		{288ED49A-5B29-4883-9DF6-08919F9BB871}.Ad-Hoc|iPhoneSimulator.ActiveCfg = Release|Any CPU
		{288ED49A-5B29-4883-9DF6-08919F9BB871}.Ad-Hoc|iPhoneSimulator.Build.0 = Release|Any CPU
		{288ED49A-5B29-4883-9DF6-08919F9BB871}.Ad-Hoc|iPhoneSimulator.Deploy.0 = Release|Any CPU
		{288ED49A-5B29-4883-9DF6-08919F9BB871}.Ad-Hoc|x64.ActiveCfg = Release|Any CPU
		{288ED49A-5B29-4883-9DF6-08919F9BB871}.Ad-Hoc|x64.Build.0 = Release|Any CPU
		{288ED49A-5B29-4883-9DF6-08919F9BB871}.Ad-Hoc|x64.Deploy.0 = Release|Any CPU
		{288ED49A-5B29-4883-9DF6-08919F9BB871}.Ad-Hoc|x86.ActiveCfg = Release|Any CPU
		{288ED49A-5B29-4883-9DF6-08919F9BB871}.Ad-Hoc|x86.Build.0 = Release|Any CPU
		{288ED49A-5B29-4883-9DF6-08919F9BB871}.Ad-Hoc|x86.Deploy.0 = Release|Any CPU
		{288ED49A-5B29-4883-9DF6-08919F9BB871}.AppStore|Any CPU.ActiveCfg = Release|Any CPU
		{288ED49A-5B29-4883-9DF6-08919F9BB871}.AppStore|Any CPU.Build.0 = Release|Any CPU
		{288ED49A-5B29-4883-9DF6-08919F9BB871}.AppStore|Any CPU.Deploy.0 = Release|Any CPU
		{288ED49A-5B29-4883-9DF6-08919F9BB871}.AppStore|ARM.ActiveCfg = Release|Any CPU
		{288ED49A-5B29-4883-9DF6-08919F9BB871}.AppStore|ARM.Build.0 = Release|Any CPU
		{288ED49A-5B29-4883-9DF6-08919F9BB871}.AppStore|ARM.Deploy.0 = Release|Any CPU
		{288ED49A-5B29-4883-9DF6-08919F9BB871}.AppStore|iPhone.ActiveCfg = Release|Any CPU
		{288ED49A-5B29-4883-9DF6-08919F9BB871}.AppStore|iPhone.Build.0 = Release|Any CPU
		{288ED49A-5B29-4883-9DF6-08919F9BB871}.AppStore|iPhone.Deploy.0 = Release|Any CPU
		{288ED49A-5B29-4883-9DF6-08919F9BB871}.AppStore|iPhoneSimulator.ActiveCfg = Release|Any CPU
		{288ED49A-5B29-4883-9DF6-08919F9BB871}.AppStore|iPhoneSimulator.Build.0 = Release|Any CPU
		{288ED49A-5B29-4883-9DF6-08919F9BB871}.AppStore|iPhoneSimulator.Deploy.0 = Release|Any CPU
		{288ED49A-5B29-4883-9DF6-08919F9BB871}.AppStore|x64.ActiveCfg = Release|Any CPU
		{288ED49A-5B29-4883-9DF6-08919F9BB871}.AppStore|x64.Build.0 = Release|Any CPU
		{288ED49A-5B29-4883-9DF6-08919F9BB871}.AppStore|x64.Deploy.0 = Release|Any CPU
		{288ED49A-5B29-4883-9DF6-08919F9BB871}.AppStore|x86.ActiveCfg = Release|Any CPU
		{288ED49A-5B29-4883-9DF6-08919F9BB871}.AppStore|x86.Build.0 = Release|Any CPU
		{288ED49A-5B29-4883-9DF6-08919F9BB871}.AppStore|x86.Deploy.0 = Release|Any CPU
		{288ED49A-5B29-4883-9DF6-08919F9BB871}.Debug|Any CPU.ActiveCfg = Debug|Any CPU
		{288ED49A-5B29-4883-9DF6-08919F9BB871}.Debug|Any CPU.Build.0 = Debug|Any CPU
		{288ED49A-5B29-4883-9DF6-08919F9BB871}.Debug|Any CPU.Deploy.0 = Debug|Any CPU
		{288ED49A-5B29-4883-9DF6-08919F9BB871}.Debug|ARM.ActiveCfg = Debug|Any CPU
		{288ED49A-5B29-4883-9DF6-08919F9BB871}.Debug|ARM.Build.0 = Debug|Any CPU
		{288ED49A-5B29-4883-9DF6-08919F9BB871}.Debug|ARM.Deploy.0 = Debug|Any CPU
		{288ED49A-5B29-4883-9DF6-08919F9BB871}.Debug|iPhone.ActiveCfg = Debug|Any CPU
		{288ED49A-5B29-4883-9DF6-08919F9BB871}.Debug|iPhone.Build.0 = Debug|Any CPU
		{288ED49A-5B29-4883-9DF6-08919F9BB871}.Debug|iPhone.Deploy.0 = Debug|Any CPU
		{288ED49A-5B29-4883-9DF6-08919F9BB871}.Debug|iPhoneSimulator.ActiveCfg = Debug|Any CPU
		{288ED49A-5B29-4883-9DF6-08919F9BB871}.Debug|iPhoneSimulator.Build.0 = Debug|Any CPU
		{288ED49A-5B29-4883-9DF6-08919F9BB871}.Debug|iPhoneSimulator.Deploy.0 = Debug|Any CPU
		{288ED49A-5B29-4883-9DF6-08919F9BB871}.Debug|x64.ActiveCfg = Debug|Any CPU
		{288ED49A-5B29-4883-9DF6-08919F9BB871}.Debug|x64.Build.0 = Debug|Any CPU
		{288ED49A-5B29-4883-9DF6-08919F9BB871}.Debug|x64.Deploy.0 = Debug|Any CPU
		{288ED49A-5B29-4883-9DF6-08919F9BB871}.Debug|x86.ActiveCfg = Debug|Any CPU
		{288ED49A-5B29-4883-9DF6-08919F9BB871}.Debug|x86.Build.0 = Debug|Any CPU
		{288ED49A-5B29-4883-9DF6-08919F9BB871}.Debug|x86.Deploy.0 = Debug|Any CPU
		{288ED49A-5B29-4883-9DF6-08919F9BB871}.Release|Any CPU.ActiveCfg = Release|Any CPU
		{288ED49A-5B29-4883-9DF6-08919F9BB871}.Release|Any CPU.Build.0 = Release|Any CPU
		{288ED49A-5B29-4883-9DF6-08919F9BB871}.Release|Any CPU.Deploy.0 = Release|Any CPU
		{288ED49A-5B29-4883-9DF6-08919F9BB871}.Release|ARM.ActiveCfg = Release|Any CPU
		{288ED49A-5B29-4883-9DF6-08919F9BB871}.Release|ARM.Build.0 = Release|Any CPU
		{288ED49A-5B29-4883-9DF6-08919F9BB871}.Release|ARM.Deploy.0 = Release|Any CPU
		{288ED49A-5B29-4883-9DF6-08919F9BB871}.Release|iPhone.ActiveCfg = Release|Any CPU
		{288ED49A-5B29-4883-9DF6-08919F9BB871}.Release|iPhone.Build.0 = Release|Any CPU
		{288ED49A-5B29-4883-9DF6-08919F9BB871}.Release|iPhone.Deploy.0 = Release|Any CPU
		{288ED49A-5B29-4883-9DF6-08919F9BB871}.Release|iPhoneSimulator.ActiveCfg = Release|Any CPU
		{288ED49A-5B29-4883-9DF6-08919F9BB871}.Release|iPhoneSimulator.Build.0 = Release|Any CPU
		{288ED49A-5B29-4883-9DF6-08919F9BB871}.Release|iPhoneSimulator.Deploy.0 = Release|Any CPU
		{288ED49A-5B29-4883-9DF6-08919F9BB871}.Release|x64.ActiveCfg = Release|Any CPU
		{288ED49A-5B29-4883-9DF6-08919F9BB871}.Release|x64.Build.0 = Release|Any CPU
		{288ED49A-5B29-4883-9DF6-08919F9BB871}.Release|x64.Deploy.0 = Release|Any CPU
		{288ED49A-5B29-4883-9DF6-08919F9BB871}.Release|x86.ActiveCfg = Release|Any CPU
		{288ED49A-5B29-4883-9DF6-08919F9BB871}.Release|x86.Build.0 = Release|Any CPU
		{288ED49A-5B29-4883-9DF6-08919F9BB871}.Release|x86.Deploy.0 = Release|Any CPU
		{15B6339A-1C21-45AB-A48A-42E315B28907}.Ad-Hoc|Any CPU.ActiveCfg = Ad-Hoc|iPhone
		{15B6339A-1C21-45AB-A48A-42E315B28907}.Ad-Hoc|ARM.ActiveCfg = Ad-Hoc|iPhone
		{15B6339A-1C21-45AB-A48A-42E315B28907}.Ad-Hoc|iPhone.ActiveCfg = Ad-Hoc|iPhone
		{15B6339A-1C21-45AB-A48A-42E315B28907}.Ad-Hoc|iPhone.Build.0 = Ad-Hoc|iPhone
		{15B6339A-1C21-45AB-A48A-42E315B28907}.Ad-Hoc|iPhoneSimulator.ActiveCfg = Ad-Hoc|iPhoneSimulator
		{15B6339A-1C21-45AB-A48A-42E315B28907}.Ad-Hoc|iPhoneSimulator.Build.0 = Ad-Hoc|iPhoneSimulator
		{15B6339A-1C21-45AB-A48A-42E315B28907}.Ad-Hoc|x64.ActiveCfg = Ad-Hoc|iPhone
		{15B6339A-1C21-45AB-A48A-42E315B28907}.Ad-Hoc|x86.ActiveCfg = Ad-Hoc|iPhone
		{15B6339A-1C21-45AB-A48A-42E315B28907}.AppStore|Any CPU.ActiveCfg = AppStore|iPhone
		{15B6339A-1C21-45AB-A48A-42E315B28907}.AppStore|ARM.ActiveCfg = AppStore|iPhone
		{15B6339A-1C21-45AB-A48A-42E315B28907}.AppStore|iPhone.ActiveCfg = AppStore|iPhone
		{15B6339A-1C21-45AB-A48A-42E315B28907}.AppStore|iPhone.Build.0 = AppStore|iPhone
		{15B6339A-1C21-45AB-A48A-42E315B28907}.AppStore|iPhoneSimulator.ActiveCfg = AppStore|iPhoneSimulator
		{15B6339A-1C21-45AB-A48A-42E315B28907}.AppStore|iPhoneSimulator.Build.0 = AppStore|iPhoneSimulator
		{15B6339A-1C21-45AB-A48A-42E315B28907}.AppStore|x64.ActiveCfg = AppStore|iPhone
		{15B6339A-1C21-45AB-A48A-42E315B28907}.AppStore|x86.ActiveCfg = AppStore|iPhone
		{15B6339A-1C21-45AB-A48A-42E315B28907}.Debug|Any CPU.ActiveCfg = Debug|iPhone
		{15B6339A-1C21-45AB-A48A-42E315B28907}.Debug|ARM.ActiveCfg = Debug|iPhone
		{15B6339A-1C21-45AB-A48A-42E315B28907}.Debug|iPhone.ActiveCfg = Debug|iPhone
		{15B6339A-1C21-45AB-A48A-42E315B28907}.Debug|iPhone.Build.0 = Debug|iPhone
		{15B6339A-1C21-45AB-A48A-42E315B28907}.Debug|iPhoneSimulator.ActiveCfg = Debug|iPhoneSimulator
		{15B6339A-1C21-45AB-A48A-42E315B28907}.Debug|iPhoneSimulator.Build.0 = Debug|iPhoneSimulator
		{15B6339A-1C21-45AB-A48A-42E315B28907}.Debug|x64.ActiveCfg = Debug|iPhone
		{15B6339A-1C21-45AB-A48A-42E315B28907}.Debug|x86.ActiveCfg = Debug|iPhone
		{15B6339A-1C21-45AB-A48A-42E315B28907}.Release|Any CPU.ActiveCfg = Release|iPhone
		{15B6339A-1C21-45AB-A48A-42E315B28907}.Release|ARM.ActiveCfg = Release|iPhone
		{15B6339A-1C21-45AB-A48A-42E315B28907}.Release|iPhone.ActiveCfg = Release|iPhone
		{15B6339A-1C21-45AB-A48A-42E315B28907}.Release|iPhone.Build.0 = Release|iPhone
		{15B6339A-1C21-45AB-A48A-42E315B28907}.Release|iPhoneSimulator.ActiveCfg = Release|iPhoneSimulator
		{15B6339A-1C21-45AB-A48A-42E315B28907}.Release|iPhoneSimulator.Build.0 = Release|iPhoneSimulator
		{15B6339A-1C21-45AB-A48A-42E315B28907}.Release|x64.ActiveCfg = Release|iPhone
		{15B6339A-1C21-45AB-A48A-42E315B28907}.Release|x86.ActiveCfg = Release|iPhone
		{32973D49-0D89-4EEA-ADDC-9B962CE02B70}.Ad-Hoc|Any CPU.ActiveCfg = Release|x64
		{32973D49-0D89-4EEA-ADDC-9B962CE02B70}.Ad-Hoc|Any CPU.Build.0 = Release|x64
		{32973D49-0D89-4EEA-ADDC-9B962CE02B70}.Ad-Hoc|Any CPU.Deploy.0 = Release|x64
		{32973D49-0D89-4EEA-ADDC-9B962CE02B70}.Ad-Hoc|ARM.ActiveCfg = Release|ARM
		{32973D49-0D89-4EEA-ADDC-9B962CE02B70}.Ad-Hoc|ARM.Build.0 = Release|ARM
		{32973D49-0D89-4EEA-ADDC-9B962CE02B70}.Ad-Hoc|ARM.Deploy.0 = Release|ARM
		{32973D49-0D89-4EEA-ADDC-9B962CE02B70}.Ad-Hoc|iPhone.ActiveCfg = Release|x64
		{32973D49-0D89-4EEA-ADDC-9B962CE02B70}.Ad-Hoc|iPhone.Build.0 = Release|x64
		{32973D49-0D89-4EEA-ADDC-9B962CE02B70}.Ad-Hoc|iPhone.Deploy.0 = Release|x64
		{32973D49-0D89-4EEA-ADDC-9B962CE02B70}.Ad-Hoc|iPhoneSimulator.ActiveCfg = Release|x64
		{32973D49-0D89-4EEA-ADDC-9B962CE02B70}.Ad-Hoc|iPhoneSimulator.Build.0 = Release|x64
		{32973D49-0D89-4EEA-ADDC-9B962CE02B70}.Ad-Hoc|iPhoneSimulator.Deploy.0 = Release|x64
		{32973D49-0D89-4EEA-ADDC-9B962CE02B70}.Ad-Hoc|x64.ActiveCfg = Release|x64
		{32973D49-0D89-4EEA-ADDC-9B962CE02B70}.Ad-Hoc|x64.Build.0 = Release|x64
		{32973D49-0D89-4EEA-ADDC-9B962CE02B70}.Ad-Hoc|x64.Deploy.0 = Release|x64
		{32973D49-0D89-4EEA-ADDC-9B962CE02B70}.Ad-Hoc|x86.ActiveCfg = Release|x86
		{32973D49-0D89-4EEA-ADDC-9B962CE02B70}.Ad-Hoc|x86.Build.0 = Release|x86
		{32973D49-0D89-4EEA-ADDC-9B962CE02B70}.Ad-Hoc|x86.Deploy.0 = Release|x86
		{32973D49-0D89-4EEA-ADDC-9B962CE02B70}.AppStore|Any CPU.ActiveCfg = Release|x64
		{32973D49-0D89-4EEA-ADDC-9B962CE02B70}.AppStore|Any CPU.Build.0 = Release|x64
		{32973D49-0D89-4EEA-ADDC-9B962CE02B70}.AppStore|Any CPU.Deploy.0 = Release|x64
		{32973D49-0D89-4EEA-ADDC-9B962CE02B70}.AppStore|ARM.ActiveCfg = Release|ARM
		{32973D49-0D89-4EEA-ADDC-9B962CE02B70}.AppStore|ARM.Build.0 = Release|ARM
		{32973D49-0D89-4EEA-ADDC-9B962CE02B70}.AppStore|ARM.Deploy.0 = Release|ARM
		{32973D49-0D89-4EEA-ADDC-9B962CE02B70}.AppStore|iPhone.ActiveCfg = Release|x64
		{32973D49-0D89-4EEA-ADDC-9B962CE02B70}.AppStore|iPhone.Build.0 = Release|x64
		{32973D49-0D89-4EEA-ADDC-9B962CE02B70}.AppStore|iPhone.Deploy.0 = Release|x64
		{32973D49-0D89-4EEA-ADDC-9B962CE02B70}.AppStore|iPhoneSimulator.ActiveCfg = Release|x64
		{32973D49-0D89-4EEA-ADDC-9B962CE02B70}.AppStore|iPhoneSimulator.Build.0 = Release|x64
		{32973D49-0D89-4EEA-ADDC-9B962CE02B70}.AppStore|iPhoneSimulator.Deploy.0 = Release|x64
		{32973D49-0D89-4EEA-ADDC-9B962CE02B70}.AppStore|x64.ActiveCfg = Release|x64
		{32973D49-0D89-4EEA-ADDC-9B962CE02B70}.AppStore|x64.Build.0 = Release|x64
		{32973D49-0D89-4EEA-ADDC-9B962CE02B70}.AppStore|x64.Deploy.0 = Release|x64
		{32973D49-0D89-4EEA-ADDC-9B962CE02B70}.AppStore|x86.ActiveCfg = Release|x86
		{32973D49-0D89-4EEA-ADDC-9B962CE02B70}.AppStore|x86.Build.0 = Release|x86
		{32973D49-0D89-4EEA-ADDC-9B962CE02B70}.AppStore|x86.Deploy.0 = Release|x86
		{32973D49-0D89-4EEA-ADDC-9B962CE02B70}.Debug|Any CPU.ActiveCfg = Debug|x86
		{32973D49-0D89-4EEA-ADDC-9B962CE02B70}.Debug|ARM.ActiveCfg = Debug|ARM
		{32973D49-0D89-4EEA-ADDC-9B962CE02B70}.Debug|ARM.Build.0 = Debug|ARM
		{32973D49-0D89-4EEA-ADDC-9B962CE02B70}.Debug|ARM.Deploy.0 = Debug|ARM
		{32973D49-0D89-4EEA-ADDC-9B962CE02B70}.Debug|iPhone.ActiveCfg = Debug|x86
		{32973D49-0D89-4EEA-ADDC-9B962CE02B70}.Debug|iPhoneSimulator.ActiveCfg = Debug|x86
		{32973D49-0D89-4EEA-ADDC-9B962CE02B70}.Debug|x64.ActiveCfg = Debug|x64
		{32973D49-0D89-4EEA-ADDC-9B962CE02B70}.Debug|x64.Build.0 = Debug|x64
		{32973D49-0D89-4EEA-ADDC-9B962CE02B70}.Debug|x64.Deploy.0 = Debug|x64
		{32973D49-0D89-4EEA-ADDC-9B962CE02B70}.Debug|x86.ActiveCfg = Debug|x86
		{32973D49-0D89-4EEA-ADDC-9B962CE02B70}.Debug|x86.Build.0 = Debug|x86
		{32973D49-0D89-4EEA-ADDC-9B962CE02B70}.Debug|x86.Deploy.0 = Debug|x86
		{32973D49-0D89-4EEA-ADDC-9B962CE02B70}.Release|Any CPU.ActiveCfg = Release|x86
		{32973D49-0D89-4EEA-ADDC-9B962CE02B70}.Release|ARM.ActiveCfg = Release|ARM
		{32973D49-0D89-4EEA-ADDC-9B962CE02B70}.Release|ARM.Build.0 = Release|ARM
		{32973D49-0D89-4EEA-ADDC-9B962CE02B70}.Release|ARM.Deploy.0 = Release|ARM
		{32973D49-0D89-4EEA-ADDC-9B962CE02B70}.Release|iPhone.ActiveCfg = Release|x86
		{32973D49-0D89-4EEA-ADDC-9B962CE02B70}.Release|iPhoneSimulator.ActiveCfg = Release|x86
		{32973D49-0D89-4EEA-ADDC-9B962CE02B70}.Release|x64.ActiveCfg = Release|x64
		{32973D49-0D89-4EEA-ADDC-9B962CE02B70}.Release|x64.Build.0 = Release|x64
		{32973D49-0D89-4EEA-ADDC-9B962CE02B70}.Release|x64.Deploy.0 = Release|x64
		{32973D49-0D89-4EEA-ADDC-9B962CE02B70}.Release|x86.ActiveCfg = Release|x86
		{32973D49-0D89-4EEA-ADDC-9B962CE02B70}.Release|x86.Build.0 = Release|x86
		{32973D49-0D89-4EEA-ADDC-9B962CE02B70}.Release|x86.Deploy.0 = Release|x86
		{58C3F96C-E62A-40ED-8B8F-65009581125E}.Ad-Hoc|Any CPU.ActiveCfg = Debug|Any CPU
		{58C3F96C-E62A-40ED-8B8F-65009581125E}.Ad-Hoc|Any CPU.Build.0 = Debug|Any CPU
		{58C3F96C-E62A-40ED-8B8F-65009581125E}.Ad-Hoc|ARM.ActiveCfg = Debug|Any CPU
		{58C3F96C-E62A-40ED-8B8F-65009581125E}.Ad-Hoc|ARM.Build.0 = Debug|Any CPU
		{58C3F96C-E62A-40ED-8B8F-65009581125E}.Ad-Hoc|iPhone.ActiveCfg = Debug|Any CPU
		{58C3F96C-E62A-40ED-8B8F-65009581125E}.Ad-Hoc|iPhone.Build.0 = Debug|Any CPU
		{58C3F96C-E62A-40ED-8B8F-65009581125E}.Ad-Hoc|iPhoneSimulator.ActiveCfg = Debug|Any CPU
		{58C3F96C-E62A-40ED-8B8F-65009581125E}.Ad-Hoc|iPhoneSimulator.Build.0 = Debug|Any CPU
		{58C3F96C-E62A-40ED-8B8F-65009581125E}.Ad-Hoc|x64.ActiveCfg = Debug|Any CPU
		{58C3F96C-E62A-40ED-8B8F-65009581125E}.Ad-Hoc|x64.Build.0 = Debug|Any CPU
		{58C3F96C-E62A-40ED-8B8F-65009581125E}.Ad-Hoc|x86.ActiveCfg = Debug|Any CPU
		{58C3F96C-E62A-40ED-8B8F-65009581125E}.Ad-Hoc|x86.Build.0 = Debug|Any CPU
		{58C3F96C-E62A-40ED-8B8F-65009581125E}.AppStore|Any CPU.ActiveCfg = Debug|Any CPU
		{58C3F96C-E62A-40ED-8B8F-65009581125E}.AppStore|Any CPU.Build.0 = Debug|Any CPU
		{58C3F96C-E62A-40ED-8B8F-65009581125E}.AppStore|ARM.ActiveCfg = Debug|Any CPU
		{58C3F96C-E62A-40ED-8B8F-65009581125E}.AppStore|ARM.Build.0 = Debug|Any CPU
		{58C3F96C-E62A-40ED-8B8F-65009581125E}.AppStore|iPhone.ActiveCfg = Debug|Any CPU
		{58C3F96C-E62A-40ED-8B8F-65009581125E}.AppStore|iPhone.Build.0 = Debug|Any CPU
		{58C3F96C-E62A-40ED-8B8F-65009581125E}.AppStore|iPhoneSimulator.ActiveCfg = Debug|Any CPU
		{58C3F96C-E62A-40ED-8B8F-65009581125E}.AppStore|iPhoneSimulator.Build.0 = Debug|Any CPU
		{58C3F96C-E62A-40ED-8B8F-65009581125E}.AppStore|x64.ActiveCfg = Debug|Any CPU
		{58C3F96C-E62A-40ED-8B8F-65009581125E}.AppStore|x64.Build.0 = Debug|Any CPU
		{58C3F96C-E62A-40ED-8B8F-65009581125E}.AppStore|x86.ActiveCfg = Debug|Any CPU
		{58C3F96C-E62A-40ED-8B8F-65009581125E}.AppStore|x86.Build.0 = Debug|Any CPU
		{58C3F96C-E62A-40ED-8B8F-65009581125E}.Debug|Any CPU.ActiveCfg = Debug|Any CPU
		{58C3F96C-E62A-40ED-8B8F-65009581125E}.Debug|Any CPU.Build.0 = Debug|Any CPU
		{58C3F96C-E62A-40ED-8B8F-65009581125E}.Debug|ARM.ActiveCfg = Debug|Any CPU
		{58C3F96C-E62A-40ED-8B8F-65009581125E}.Debug|ARM.Build.0 = Debug|Any CPU
		{58C3F96C-E62A-40ED-8B8F-65009581125E}.Debug|iPhone.ActiveCfg = Debug|Any CPU
		{58C3F96C-E62A-40ED-8B8F-65009581125E}.Debug|iPhone.Build.0 = Debug|Any CPU
		{58C3F96C-E62A-40ED-8B8F-65009581125E}.Debug|iPhoneSimulator.ActiveCfg = Debug|Any CPU
		{58C3F96C-E62A-40ED-8B8F-65009581125E}.Debug|iPhoneSimulator.Build.0 = Debug|Any CPU
		{58C3F96C-E62A-40ED-8B8F-65009581125E}.Debug|x64.ActiveCfg = Debug|Any CPU
		{58C3F96C-E62A-40ED-8B8F-65009581125E}.Debug|x64.Build.0 = Debug|Any CPU
		{58C3F96C-E62A-40ED-8B8F-65009581125E}.Debug|x86.ActiveCfg = Debug|Any CPU
		{58C3F96C-E62A-40ED-8B8F-65009581125E}.Debug|x86.Build.0 = Debug|Any CPU
		{58C3F96C-E62A-40ED-8B8F-65009581125E}.Release|Any CPU.ActiveCfg = Release|Any CPU
		{58C3F96C-E62A-40ED-8B8F-65009581125E}.Release|Any CPU.Build.0 = Release|Any CPU
		{58C3F96C-E62A-40ED-8B8F-65009581125E}.Release|ARM.ActiveCfg = Release|Any CPU
		{58C3F96C-E62A-40ED-8B8F-65009581125E}.Release|ARM.Build.0 = Release|Any CPU
		{58C3F96C-E62A-40ED-8B8F-65009581125E}.Release|iPhone.ActiveCfg = Release|Any CPU
		{58C3F96C-E62A-40ED-8B8F-65009581125E}.Release|iPhone.Build.0 = Release|Any CPU
		{58C3F96C-E62A-40ED-8B8F-65009581125E}.Release|iPhoneSimulator.ActiveCfg = Release|Any CPU
		{58C3F96C-E62A-40ED-8B8F-65009581125E}.Release|iPhoneSimulator.Build.0 = Release|Any CPU
		{58C3F96C-E62A-40ED-8B8F-65009581125E}.Release|x64.ActiveCfg = Release|Any CPU
		{58C3F96C-E62A-40ED-8B8F-65009581125E}.Release|x64.Build.0 = Release|Any CPU
		{58C3F96C-E62A-40ED-8B8F-65009581125E}.Release|x86.ActiveCfg = Release|Any CPU
		{58C3F96C-E62A-40ED-8B8F-65009581125E}.Release|x86.Build.0 = Release|Any CPU
	EndGlobalSection
	GlobalSection(SolutionProperties) = preSolution
		HideSolutionNode = FALSE
	EndGlobalSection
	GlobalSection(ExtensibilityGlobals) = postSolution
		SolutionGuid = {0A4BD97F-6A40-4ADE-961C-462EE3EECCA4}
	EndGlobalSection
EndGlobal
